{
  "nodes": {
    "flake-utils": {
      "locked": {
        "lastModified": 1667395993,
        "narHash": "sha256-nuEHfE/LcWyuSWnS8t12N1wc105Qtau+/OdUAjtQ0rA=",
        "owner": "numtide",
        "repo": "flake-utils",
        "rev": "5aed5285a952e0b949eb3ba02c12fa4fcfef535f",
        "type": "github"
      },
      "original": {
        "owner": "numtide",
        "repo": "flake-utils",
        "type": "github"
      }
    },
    "flake-utils_2": {
      "locked": {
        "lastModified": 1667395993,
        "narHash": "sha256-nuEHfE/LcWyuSWnS8t12N1wc105Qtau+/OdUAjtQ0rA=",
        "owner": "numtide",
        "repo": "flake-utils",
        "rev": "5aed5285a952e0b949eb3ba02c12fa4fcfef535f",
        "type": "github"
      },
      "original": {
        "owner": "numtide",
        "repo": "flake-utils",
        "type": "github"
      }
    },
    "nixpkgs": {
      "locked": {
        "lastModified": 1668361072,
        "narHash": "sha256-2gGryXCI3hJaLJ3NcGU1ulqC7NdjYuEYvL7hQGrTgs4=",
        "owner": "NixOS",
        "repo": "nixpkgs",
        "rev": "f6f99d517323bf1c20e951ab6eec7fd77cec3119",
        "type": "github"
      },
      "original": {
        "owner": "NixOS",
        "repo": "nixpkgs",
        "type": "github"
      }
    },
    "nixpkgs_2": {
      "locked": {
        "lastModified": 1668361072,
        "narHash": "sha256-2gGryXCI3hJaLJ3NcGU1ulqC7NdjYuEYvL7hQGrTgs4=",
        "owner": "NixOS",
        "repo": "nixpkgs",
        "rev": "f6f99d517323bf1c20e951ab6eec7fd77cec3119",
        "type": "github"
      },
      "original": {
        "owner": "NixOS",
        "repo": "nixpkgs",
        "type": "github"
      }
    },
    "poetry2nix": {
      "inputs": {
        "flake-utils": "flake-utils_2",
        "nixpkgs": "nixpkgs_2"
      },
      "locked": {
        "lastModified": 1668166239,
        "narHash": "sha256-V3ak48Ei4wJ6PF45s6zukRahBG6NARwLyVmbppKysgk=",
        "owner": "nix-community",
        "repo": "poetry2nix",
        "rev": "185c10c78a3943057c3eeb18511c968f205a26ac",
        "type": "github"
      },
      "original": {
        "owner": "nix-community",
        "repo": "poetry2nix",
        "type": "github"
      }
    },
    "root": {
      "inputs": {
        "flake-utils": "flake-utils",
        "nixpkgs": "nixpkgs",
        "poetry2nix": "poetry2nix"
      }
    }
  },
  "root": "root",
  "version": 7
}
